
Microsoft Visual Studio Solution File, Format Version 12.00
# Visual Studio 14
VisualStudioVersion = 14.0.24720.0
MinimumVisualStudioVersion = 10.0.40219.1
Project("{FAE04EC0-301F-11D3-BF4B-00C04F79EFBC}") = "CosmosKernel1", "CosmosKernel1\CosmosKernel1.csproj", "{79835583-9736-44F3-AEF2-40B425121BD7}"
EndProject
Project("{471EC4BB-E47E-4229-A789-D1F5F83B52D4}") = "CosmosKernel1Boot", "CosmosKernel1\CosmosKernel1Boot.Cosmos", "{3E76DBDF-5399-484D-B4FF-A679C47CDBED}"
EndProject
Global
	GlobalSection(SolutionConfigurationPlatforms) = preSolution
		Debug|Any CPU = Debug|Any CPU
		Debug|x86 = Debug|x86
		Release|Any CPU = Release|Any CPU
		Release|x86 = Release|x86
	EndGlobalSection
	GlobalSection(ProjectConfigurationPlatforms) = postSolution
		{79835583-9736-44F3-AEF2-40B425121BD7}.Debug|Any CPU.ActiveCfg = Debug|Any CPU
		{79835583-9736-44F3-AEF2-40B425121BD7}.Debug|Any CPU.Build.0 = Debug|Any CPU
		{79835583-9736-44F3-AEF2-40B425121BD7}.Debug|x86.ActiveCfg = Debug|Any CPU
		{79835583-9736-44F3-AEF2-40B425121BD7}.Debug|x86.Build.0 = Debug|Any CPU
		{79835583-9736-44F3-AEF2-40B425121BD7}.Release|Any CPU.ActiveCfg = Release|Any CPU
		{79835583-9736-44F3-AEF2-40B425121BD7}.Release|Any CPU.Build.0 = Release|Any CPU
		{79835583-9736-44F3-AEF2-40B425121BD7}.Release|x86.ActiveCfg = Release|Any CPU
		{79835583-9736-44F3-AEF2-40B425121BD7}.Release|x86.Build.0 = Release|Any CPU
		{3E76DBDF-5399-484D-B4FF-A679C47CDBED}.Debug|Any CPU.ActiveCfg = Debug|x86
		{3E76DBDF-5399-484D-B4FF-A679C47CDBED}.Debug|Any CPU.Build.0 = Debug|x86
		{3E76DBDF-5399-484D-B4FF-A679C47CDBED}.Debug|x86.ActiveCfg = Debug|x86
		{3E76DBDF-5399-484D-B4FF-A679C47CDBED}.Debug|x86.Build.0 = Debug|x86
		{3E76DBDF-5399-484D-B4FF-A679C47CDBED}.Release|Any CPU.ActiveCfg = Debug|x86
		{3E76DBDF-5399-484D-B4FF-A679C47CDBED}.Release|Any CPU.Build.0 = Debug|x86
		{3E76DBDF-5399-484D-B4FF-A679C47CDBED}.Release|x86.ActiveCfg = Debug|x86
		{3E76DBDF-5399-484D-B4FF-A679C47CDBED}.Release|x86.Build.0 = Debug|x86
	EndGlobalSection
	GlobalSection(SolutionProperties) = preSolution
		HideSolutionNode = FALSE
	EndGlobalSection
EndGlobal
